
Microsoft Visual Studio Solution File, Format Version 12.00
# Visual Studio Version 16
VisualStudioVersion = 16.0.29613.14
MinimumVisualStudioVersion = 10.0.40219.1
Project("{FAE04EC0-301F-11D3-BF4B-00C04F79EFBC}") = "KeeYaOtp", "KeeYaOtp\KeeYaOtp.csproj", "{639E11FE-A27C-4CDF-8A9E-073233BAE899}"
EndProject
Project("{FAE04EC0-301F-11D3-BF4B-00C04F79EFBC}") = "KeeYaOtp.Tests", "KeeYaOtp.Tests\KeeYaOtp.Tests.csproj", "{43EB1EF4-719C-4759-A93D-4DE3A6C8839A}"
EndProject
Global
	GlobalSection(SolutionConfigurationPlatforms) = preSolution
		Debug|Any CPU = Debug|Any CPU
		Release|Any CPU = Release|Any CPU
	EndGlobalSection
	GlobalSection(ProjectConfigurationPlatforms) = postSolution
		{639E11FE-A27C-4CDF-8A9E-073233BAE899}.Debug|Any CPU.ActiveCfg = Debug|Any CPU
		{639E11FE-A27C-4CDF-8A9E-073233BAE899}.Debug|Any CPU.Build.0 = Debug|Any CPU
		{639E11FE-A27C-4CDF-8A9E-073233BAE899}.Release|Any CPU.ActiveCfg = Release|Any CPU
		{639E11FE-A27C-4CDF-8A9E-073233BAE899}.Release|Any CPU.Build.0 = Release|Any CPU
		{43EB1EF4-719C-4759-A93D-4DE3A6C8839A}.Debug|Any CPU.ActiveCfg = Debug|Any CPU
		{43EB1EF4-719C-4759-A93D-4DE3A6C8839A}.Debug|Any CPU.Build.0 = Debug|Any CPU
		{43EB1EF4-719C-4759-A93D-4DE3A6C8839A}.Release|Any CPU.ActiveCfg = Release|Any CPU
		{43EB1EF4-719C-4759-A93D-4DE3A6C8839A}.Release|Any CPU.Build.0 = Release|Any CPU
	EndGlobalSection
	GlobalSection(SolutionProperties) = preSolution
		HideSolutionNode = FALSE
	EndGlobalSection
	GlobalSection(ExtensibilityGlobals) = postSolution
		SolutionGuid = {B1BB749B-4201-4D26-A9C6-18FD9722CFAA}
	EndGlobalSection
EndGlobal
